
Microsoft Visual Studio Solution File, Format Version 12.00
# Visual Studio Version 17
VisualStudioVersion = 17.8.34525.116
MinimumVisualStudioVersion = 10.0.40219.1
Project("{FAE04EC0-301F-11D3-BF4B-00C04F79EFBC}") = "FileHash", "FileHash\FileHash.csproj", "{A8036393-1D77-43F9-BF96-93CD05115A5B}"
EndProject
Global
	GlobalSection(SolutionConfigurationPlatforms) = preSolution
		Debug|Any CPU = Debug|Any CPU
		Release|Any CPU = Release|Any CPU
	EndGlobalSection
	GlobalSection(ProjectConfigurationPlatforms) = postSolution
		{A8036393-1D77-43F9-BF96-93CD05115A5B}.Debug|Any CPU.ActiveCfg = Debug|Any CPU
		{A8036393-1D77-43F9-BF96-93CD05115A5B}.Debug|Any CPU.Build.0 = Debug|Any CPU
		{A8036393-1D77-43F9-BF96-93CD05115A5B}.Release|Any CPU.ActiveCfg = Release|Any CPU
		{A8036393-1D77-43F9-BF96-93CD05115A5B}.Release|Any CPU.Build.0 = Release|Any CPU
	EndGlobalSection
	GlobalSection(SolutionProperties) = preSolution
		HideSolutionNode = FALSE
	EndGlobalSection
	GlobalSection(ExtensibilityGlobals) = postSolution
		SolutionGuid = {BFBB2274-2419-427C-8A00-D5A961564D5C}
	EndGlobalSection
EndGlobal
